
Microsoft Visual Studio Solution File, Format Version 12.00
# Visual Studio Version 17
VisualStudioVersion = 17.4.33205.214
MinimumVisualStudioVersion = 10.0.40219.1
Project("{9A19103F-16F7-4668-BE54-9A1E7A4F7556}") = "NLayer.Core", "NLayer.Core\NLayer.Core.csproj", "{1D5CDA79-9E80-4875-8B54-10BC5B2C0B57}"
EndProject
Project("{9A19103F-16F7-4668-BE54-9A1E7A4F7556}") = "NLayer.Repository", "NLayer.Repository\NLayer.Repository.csproj", "{5B706A84-91FB-48D8-ABB4-4F10841A8FC0}"
EndProject
Project("{9A19103F-16F7-4668-BE54-9A1E7A4F7556}") = "NLayer.Service", "NLayer.Service\NLayer.Service.csproj", "{7A56F3AE-BAF0-4739-BC84-1B3532DD0A1B}"
EndProject
Project("{9A19103F-16F7-4668-BE54-9A1E7A4F7556}") = "NLayer.API", "NLayer.API\NLayer.API.csproj", "{9FB047F7-EA77-4F48-9D26-B3417F9A159C}"
EndProject
Project("{9A19103F-16F7-4668-BE54-9A1E7A4F7556}") = "NLayer.Caching", "NLayer.Caching\NLayer.Caching.csproj", "{97DBDC17-4226-417B-8CEA-CDB5CF01D120}"
EndProject
Global
	GlobalSection(SolutionConfigurationPlatforms) = preSolution
		Debug|Any CPU = Debug|Any CPU
		Release|Any CPU = Release|Any CPU
	EndGlobalSection
	GlobalSection(ProjectConfigurationPlatforms) = postSolution
		{1D5CDA79-9E80-4875-8B54-10BC5B2C0B57}.Debug|Any CPU.ActiveCfg = Debug|Any CPU
		{1D5CDA79-9E80-4875-8B54-10BC5B2C0B57}.Debug|Any CPU.Build.0 = Debug|Any CPU
		{1D5CDA79-9E80-4875-8B54-10BC5B2C0B57}.Release|Any CPU.ActiveCfg = Release|Any CPU
		{1D5CDA79-9E80-4875-8B54-10BC5B2C0B57}.Release|Any CPU.Build.0 = Release|Any CPU
		{5B706A84-91FB-48D8-ABB4-4F10841A8FC0}.Debug|Any CPU.ActiveCfg = Debug|Any CPU
		{5B706A84-91FB-48D8-ABB4-4F10841A8FC0}.Debug|Any CPU.Build.0 = Debug|Any CPU
		{5B706A84-91FB-48D8-ABB4-4F10841A8FC0}.Release|Any CPU.ActiveCfg = Release|Any CPU
		{5B706A84-91FB-48D8-ABB4-4F10841A8FC0}.Release|Any CPU.Build.0 = Release|Any CPU
		{7A56F3AE-BAF0-4739-BC84-1B3532DD0A1B}.Debug|Any CPU.ActiveCfg = Debug|Any CPU
		{7A56F3AE-BAF0-4739-BC84-1B3532DD0A1B}.Debug|Any CPU.Build.0 = Debug|Any CPU
		{7A56F3AE-BAF0-4739-BC84-1B3532DD0A1B}.Release|Any CPU.ActiveCfg = Release|Any CPU
		{7A56F3AE-BAF0-4739-BC84-1B3532DD0A1B}.Release|Any CPU.Build.0 = Release|Any CPU
		{9FB047F7-EA77-4F48-9D26-B3417F9A159C}.Debug|Any CPU.ActiveCfg = Debug|Any CPU
		{9FB047F7-EA77-4F48-9D26-B3417F9A159C}.Debug|Any CPU.Build.0 = Debug|Any CPU
		{9FB047F7-EA77-4F48-9D26-B3417F9A159C}.Release|Any CPU.ActiveCfg = Release|Any CPU
		{9FB047F7-EA77-4F48-9D26-B3417F9A159C}.Release|Any CPU.Build.0 = Release|Any CPU
		{97DBDC17-4226-417B-8CEA-CDB5CF01D120}.Debug|Any CPU.ActiveCfg = Debug|Any CPU
		{97DBDC17-4226-417B-8CEA-CDB5CF01D120}.Debug|Any CPU.Build.0 = Debug|Any CPU
		{97DBDC17-4226-417B-8CEA-CDB5CF01D120}.Release|Any CPU.ActiveCfg = Release|Any CPU
		{97DBDC17-4226-417B-8CEA-CDB5CF01D120}.Release|Any CPU.Build.0 = Release|Any CPU
	EndGlobalSection
	GlobalSection(SolutionProperties) = preSolution
		HideSolutionNode = FALSE
	EndGlobalSection
	GlobalSection(ExtensibilityGlobals) = postSolution
		SolutionGuid = {82C45308-397E-46DE-A2A2-11D8577284A4}
	EndGlobalSection
EndGlobal
